{
  "name": "diacritical_web",
  "version": "0.7.0",
  "lockfileVersion": 3,
  "requires": true,
  "packages": {
    "": {
      "name": "diacritical_web",
      "version": "0.7.0",
      "dependencies": {
        "phoenix": "file:../../dep/phoenix",
        "phoenix_html": "file:../../dep/phoenix_html"
      }
    },
    "../../dep/phoenix": {
      "version": "1.8.0-rc.4",
      "license": "MIT",
      "devDependencies": {
        "@babel/cli": "7.28.0",
        "@babel/core": "7.28.0",
        "@babel/preset-env": "7.28.0",
        "@eslint/js": "^9.28.0",
        "@stylistic/eslint-plugin": "^5.0.0",
        "documentation": "^14.0.3",
        "eslint": "9.31.0",
        "eslint-plugin-jest": "29.0.1",
        "jest": "^30.0.0",
        "jest-environment-jsdom": "^30.0.0",
        "jsdom": "^26.1.0",
        "mock-socket": "^9.3.1"
      }
    },
    "../../dep/phoenix_html": {
      "version": "4.2.1"
    },
    "node_modules/phoenix": {
      "resolved": "../../dep/phoenix",
      "link": true
    },
    "node_modules/phoenix_html": {
      "resolved": "../../dep/phoenix_html",
      "link": true
    }
  }
}
