{
  "name": "diacritical_web",
  "version": "0.7.0",
  "lockfileVersion": 3,
  "requires": true,
  "packages": {
    "": {
      "name": "diacritical_web",
      "version": "0.7.0",
      "dependencies": {
        "phoenix": "file:../../dep/phoenix",
        "phoenix_html": "file:../../dep/phoenix_html"
      }
    },
    "../../dep/phoenix": {
      "version": "1.7.21",
      "license": "MIT"
    },
    "../../dep/phoenix_html": {
      "version": "4.2.1"
    },
    "node_modules/phoenix": {
      "resolved": "../../dep/phoenix",
      "link": true
    },
    "node_modules/phoenix_html": {
      "resolved": "../../dep/phoenix_html",
      "link": true
    }
  }
}
